// !$*UTF8*$!
{
	archiveVersion = 1;
	classes = {
	};
	objectVersion = 46;
	objects = {

/* Begin PBXBuildFile section */
		0B0BA3611AAEC48D00633BF0 /* InterfaceController.swift in Sources */ = {isa = PBXBuildFile; fileRef = 0B0BA3601AAEC48D00633BF0 /* InterfaceController.swift */; };
		0B0BA3631AAEC48D00633BF0 /* Images.xcassets in Resources */ = {isa = PBXBuildFile; fileRef = 0B0BA3621AAEC48D00633BF0 /* Images.xcassets */; };
		0B0BA3671AAEC48D00633BF0 /* ClearWeatherApp WatchKit App.app in Resources */ = {isa = PBXBuildFile; fileRef = 0B0BA3661AAEC48D00633BF0 /* ClearWeatherApp WatchKit App.app */; };
		0B0BA36F1AAEC48D00633BF0 /* Interface.storyboard in Resources */ = {isa = PBXBuildFile; fileRef = 0B0BA36D1AAEC48D00633BF0 /* Interface.storyboard */; };
		0B0BA3711AAEC48D00633BF0 /* Images.xcassets in Resources */ = {isa = PBXBuildFile; fileRef = 0B0BA3701AAEC48D00633BF0 /* Images.xcassets */; };
		0B0BA3741AAEC48D00633BF0 /* ClearWeatherApp WatchKit Extension.appex in Embed App Extensions */ = {isa = PBXBuildFile; fileRef = 0B0BA35C1AAEC48D00633BF0 /* ClearWeatherApp WatchKit Extension.appex */; settings = {ATTRIBUTES = (RemoveHeadersOnCopy, ); }; };
		0B3EBA871AB959CA0099EF5B /* LicenseViewController.swift in Sources */ = {isa = PBXBuildFile; fileRef = 0B3EBA861AB959CA0099EF5B /* LicenseViewController.swift */; };
		0B3EBA991AB9EA1A0099EF5B /* mist.png in Resources */ = {isa = PBXBuildFile; fileRef = 0B3EBA981AB9EA1A0099EF5B /* mist.png */; };
		0B3EBA9A1AB9EA1A0099EF5B /* mist.png in Resources */ = {isa = PBXBuildFile; fileRef = 0B3EBA981AB9EA1A0099EF5B /* mist.png */; };
		0B3EBA9C1AB9EA2F0099EF5B /* haze.png in Resources */ = {isa = PBXBuildFile; fileRef = 0B3EBA9B1AB9EA2F0099EF5B /* haze.png */; };
		0B3EBA9D1AB9EA2F0099EF5B /* haze.png in Resources */ = {isa = PBXBuildFile; fileRef = 0B3EBA9B1AB9EA2F0099EF5B /* haze.png */; };
		0B489EC51A9889670040E45A /* AppDelegate.swift in Sources */ = {isa = PBXBuildFile; fileRef = 0B489EC41A9889670040E45A /* AppDelegate.swift */; };
		0B489EC71A9889670040E45A /* HomeViewController.swift in Sources */ = {isa = PBXBuildFile; fileRef = 0B489EC61A9889670040E45A /* HomeViewController.swift */; };
		0B489ECC1A9889670040E45A /* Images.xcassets in Resources */ = {isa = PBXBuildFile; fileRef = 0B489ECB1A9889670040E45A /* Images.xcassets */; };
		0B489ECF1A9889670040E45A /* LaunchScreen.xib in Resources */ = {isa = PBXBuildFile; fileRef = 0B489ECD1A9889670040E45A /* LaunchScreen.xib */; };
		0B489EDB1A9889680040E45A /* ClearWeatherAppTests.swift in Sources */ = {isa = PBXBuildFile; fileRef = 0B489EDA1A9889680040E45A /* ClearWeatherAppTests.swift */; };
		0B489EE51A9889800040E45A /* Weather.swift in Sources */ = {isa = PBXBuildFile; fileRef = 0B489EE41A9889800040E45A /* Weather.swift */; };
		0B489EE71A9889A70040E45A /* DailyWeather.swift in Sources */ = {isa = PBXBuildFile; fileRef = 0B489EE61A9889A70040E45A /* DailyWeather.swift */; };
		0B489EE91A9889BF0040E45A /* OpenWeatherAPIClient.swift in Sources */ = {isa = PBXBuildFile; fileRef = 0B489EE81A9889BF0040E45A /* OpenWeatherAPIClient.swift */; };
		0B489EF11A988D7C0040E45A /* Clear.png in Resources */ = {isa = PBXBuildFile; fileRef = 0B489EED1A988D7C0040E45A /* Clear.png */; };
		0B489EF21A988D7C0040E45A /* Clouds.png in Resources */ = {isa = PBXBuildFile; fileRef = 0B489EEE1A988D7C0040E45A /* Clouds.png */; };
		0B489EF31A988D7C0040E45A /* Rain.png in Resources */ = {isa = PBXBuildFile; fileRef = 0B489EEF1A988D7C0040E45A /* Rain.png */; };
		0B489EF41A988D7C0040E45A /* Snow.png in Resources */ = {isa = PBXBuildFile; fileRef = 0B489EF01A988D7C0040E45A /* Snow.png */; };
		0B7155391AB6B24E00FFA4CA /* UnitsViewController.swift in Sources */ = {isa = PBXBuildFile; fileRef = 0B7155381AB6B24E00FFA4CA /* UnitsViewController.swift */; };
		0B71553B1AB6B26800FFA4CA /* AboutViewController.swift in Sources */ = {isa = PBXBuildFile; fileRef = 0B71553A1AB6B26800FFA4CA /* AboutViewController.swift */; };
		0B71553D1AB6B28400FFA4CA /* FollowViewController.swift in Sources */ = {isa = PBXBuildFile; fileRef = 0B71553C1AB6B28400FFA4CA /* FollowViewController.swift */; };
		0B7155491AB6C5AB00FFA4CA /* arrow408.png in Resources */ = {isa = PBXBuildFile; fileRef = 0B7155481AB6C5AB00FFA4CA /* arrow408.png */; };
		0B7C6F481AAD61370072C421 /* MenuNavigationController.swift in Sources */ = {isa = PBXBuildFile; fileRef = 0B7C6F471AAD61370072C421 /* MenuNavigationController.swift */; };
		0B7C6F4A1AAD618A0072C421 /* MediumMenu.swift in Sources */ = {isa = PBXBuildFile; fileRef = 0B7C6F491AAD618A0072C421 /* MediumMenu.swift */; };
		0B7C6F4C1AAD62180072C421 /* SettingsViewController.swift in Sources */ = {isa = PBXBuildFile; fileRef = 0B7C6F4B1AAD62180072C421 /* SettingsViewController.swift */; };
		0B7C6F521AAD88070072C421 /* ViewController.swift in Sources */ = {isa = PBXBuildFile; fileRef = 0B7C6F511AAD88070072C421 /* ViewController.swift */; };
		0B7C6F5A1AADABD40072C421 /* list.png in Resources */ = {isa = PBXBuildFile; fileRef = 0B7C6F591AADABD40072C421 /* list.png */; };
		0BA149EF1ABAA04E008A0F30 /* github-256.png in Resources */ = {isa = PBXBuildFile; fileRef = 0BA149EE1ABAA04E008A0F30 /* github-256.png */; };
		0BA149F11ABAA06A008A0F30 /* googleplus-256.png in Resources */ = {isa = PBXBuildFile; fileRef = 0BA149F01ABAA06A008A0F30 /* googleplus-256.png */; };
		0BA149F31ABAA0A8008A0F30 /* twitter-256.png in Resources */ = {isa = PBXBuildFile; fileRef = 0BA149F21ABAA0A8008A0F30 /* twitter-256.png */; };
		0BA149F51ABAA0BD008A0F30 /* rss-256.png in Resources */ = {isa = PBXBuildFile; fileRef = 0BA149F41ABAA0BD008A0F30 /* rss-256.png */; };
		0BA149F71ABAA4A4008A0F30 /* FCAnimation.swift in Sources */ = {isa = PBXBuildFile; fileRef = 0BA149F61ABAA4A4008A0F30 /* FCAnimation.swift */; };
		0BA149F91ABAC62D008A0F30 /* Lisence.txt in Resources */ = {isa = PBXBuildFile; fileRef = 0BA149F81ABAC62D008A0F30 /* Lisence.txt */; };
		0BC98EBC1A99DF25006F339A /* Alamofire.swift in Sources */ = {isa = PBXBuildFile; fileRef = 0BC98EBB1A99DF25006F339A /* Alamofire.swift */; };
		FB1BFCD91AA9D29500B2B1E2 /* WeatherTableViewCell.swift in Sources */ = {isa = PBXBuildFile; fileRef = FB1BFCD81AA9D29500B2B1E2 /* WeatherTableViewCell.swift */; };
		FB5838D71AAAE04D0023F204 /* back0.png in Resources */ = {isa = PBXBuildFile; fileRef = FB5838D61AAAE04C0023F204 /* back0.png */; };
		FB5838D91AAAE0560023F204 /* back1.png in Resources */ = {isa = PBXBuildFile; fileRef = FB5838D81AAAE0560023F204 /* back1.png */; };
		FB5838DB1AAAE05C0023F204 /* back2.png in Resources */ = {isa = PBXBuildFile; fileRef = FB5838DA1AAAE05C0023F204 /* back2.png */; };
		FB5838DD1AAAE96C0023F204 /* back3.png in Resources */ = {isa = PBXBuildFile; fileRef = FB5838DC1AAAE96C0023F204 /* back3.png */; };
/* End PBXBuildFile section */

/* Begin PBXContainerItemProxy section */
		0B0BA3681AAEC48D00633BF0 /* PBXContainerItemProxy */ = {
			isa = PBXContainerItemProxy;
			containerPortal = 0B489EB71A9889670040E45A /* Project object */;
			proxyType = 1;
			remoteGlobalIDString = 0B0BA3651AAEC48D00633BF0;
			remoteInfo = "ClearWeatherApp WatchKit App";
		};
		0B0BA3721AAEC48D00633BF0 /* PBXContainerItemProxy */ = {
			isa = PBXContainerItemProxy;
			containerPortal = 0B489EB71A9889670040E45A /* Project object */;
			proxyType = 1;
			remoteGlobalIDString = 0B0BA35B1AAEC48D00633BF0;
			remoteInfo = "ClearWeatherApp WatchKit Extension";
		};
		0B489ED51A9889680040E45A /* PBXContainerItemProxy */ = {
			isa = PBXContainerItemProxy;
			containerPortal = 0B489EB71A9889670040E45A /* Project object */;
			proxyType = 1;
			remoteGlobalIDString = 0B489EBE1A9889670040E45A;
			remoteInfo = ClearWeatherApp;
		};
/* End PBXContainerItemProxy section */

/* Begin PBXCopyFilesBuildPhase section */
		0B0BA37B1AAEC48D00633BF0 /* Embed App Extensions */ = {
			isa = PBXCopyFilesBuildPhase;
			buildActionMask = 2147483647;
			dstPath = "";
			dstSubfolderSpec = 13;
			files = (
				0B0BA3741AAEC48D00633BF0 /* ClearWeatherApp WatchKit Extension.appex in Embed App Extensions */,
			);
			name = "Embed App Extensions";
			runOnlyForDeploymentPostprocessing = 0;
		};
/* End PBXCopyFilesBuildPhase section */

/* Begin PBXFileReference section */
		0B0BA35C1AAEC48D00633BF0 /* ClearWeatherApp WatchKit Extension.appex */ = {isa = PBXFileReference; explicitFileType = "wrapper.app-extension"; includeInIndex = 0; path = "ClearWeatherApp WatchKit Extension.appex"; sourceTree = BUILT_PRODUCTS_DIR; };
		0B0BA35F1AAEC48D00633BF0 /* Info.plist */ = {isa = PBXFileReference; lastKnownFileType = text.plist.xml; path = Info.plist; sourceTree = "<group>"; };
		0B0BA3601AAEC48D00633BF0 /* InterfaceController.swift */ = {isa = PBXFileReference; lastKnownFileType = sourcecode.swift; path = InterfaceController.swift; sourceTree = "<group>"; };
		0B0BA3621AAEC48D00633BF0 /* Images.xcassets */ = {isa = PBXFileReference; lastKnownFileType = folder.assetcatalog; path = Images.xcassets; sourceTree = "<group>"; };
		0B0BA3661AAEC48D00633BF0 /* ClearWeatherApp WatchKit App.app */ = {isa = PBXFileReference; explicitFileType = wrapper.application; includeInIndex = 0; path = "ClearWeatherApp WatchKit App.app"; sourceTree = BUILT_PRODUCTS_DIR; };
		0B0BA36C1AAEC48D00633BF0 /* Info.plist */ = {isa = PBXFileReference; lastKnownFileType = text.plist.xml; path = Info.plist; sourceTree = "<group>"; };
		0B0BA36E1AAEC48D00633BF0 /* Base */ = {isa = PBXFileReference; lastKnownFileType = file.storyboard; name = Base; path = Base.lproj/Interface.storyboard; sourceTree = "<group>"; };
		0B0BA3701AAEC48D00633BF0 /* Images.xcassets */ = {isa = PBXFileReference; lastKnownFileType = folder.assetcatalog; path = Images.xcassets; sourceTree = "<group>"; };
		0B3EBA861AB959CA0099EF5B /* LicenseViewController.swift */ = {isa = PBXFileReference; fileEncoding = 4; lastKnownFileType = sourcecode.swift; path = LicenseViewController.swift; sourceTree = "<group>"; };
		0B3EBA981AB9EA1A0099EF5B /* mist.png */ = {isa = PBXFileReference; lastKnownFileType = image.png; path = mist.png; sourceTree = "<group>"; };
		0B3EBA9B1AB9EA2F0099EF5B /* haze.png */ = {isa = PBXFileReference; lastKnownFileType = image.png; path = haze.png; sourceTree = "<group>"; };
		0B489EBF1A9889670040E45A /* ClearWeatherApp.app */ = {isa = PBXFileReference; explicitFileType = wrapper.application; includeInIndex = 0; path = ClearWeatherApp.app; sourceTree = BUILT_PRODUCTS_DIR; };
		0B489EC31A9889670040E45A /* Info.plist */ = {isa = PBXFileReference; lastKnownFileType = text.plist.xml; path = Info.plist; sourceTree = "<group>"; };
		0B489EC41A9889670040E45A /* AppDelegate.swift */ = {isa = PBXFileReference; lastKnownFileType = sourcecode.swift; path = AppDelegate.swift; sourceTree = "<group>"; };
		0B489EC61A9889670040E45A /* HomeViewController.swift */ = {isa = PBXFileReference; lastKnownFileType = sourcecode.swift; path = HomeViewController.swift; sourceTree = "<group>"; };
		0B489ECB1A9889670040E45A /* Images.xcassets */ = {isa = PBXFileReference; lastKnownFileType = folder.assetcatalog; path = Images.xcassets; sourceTree = "<group>"; };
		0B489ECE1A9889670040E45A /* Base */ = {isa = PBXFileReference; lastKnownFileType = file.xib; name = Base; path = Base.lproj/LaunchScreen.xib; sourceTree = "<group>"; };
		0B489ED41A9889680040E45A /* ClearWeatherAppTests.xctest */ = {isa = PBXFileReference; explicitFileType = wrapper.cfbundle; includeInIndex = 0; path = ClearWeatherAppTests.xctest; sourceTree = BUILT_PRODUCTS_DIR; };
		0B489ED91A9889680040E45A /* Info.plist */ = {isa = PBXFileReference; lastKnownFileType = text.plist.xml; path = Info.plist; sourceTree = "<group>"; };
		0B489EDA1A9889680040E45A /* ClearWeatherAppTests.swift */ = {isa = PBXFileReference; lastKnownFileType = sourcecode.swift; path = ClearWeatherAppTests.swift; sourceTree = "<group>"; };
		0B489EE41A9889800040E45A /* Weather.swift */ = {isa = PBXFileReference; fileEncoding = 4; lastKnownFileType = sourcecode.swift; path = Weather.swift; sourceTree = "<group>"; };
		0B489EE61A9889A70040E45A /* DailyWeather.swift */ = {isa = PBXFileReference; fileEncoding = 4; lastKnownFileType = sourcecode.swift; path = DailyWeather.swift; sourceTree = "<group>"; };
		0B489EE81A9889BF0040E45A /* OpenWeatherAPIClient.swift */ = {isa = PBXFileReference; fileEncoding = 4; lastKnownFileType = sourcecode.swift; path = OpenWeatherAPIClient.swift; sourceTree = "<group>"; };
		0B489EED1A988D7C0040E45A /* Clear.png */ = {isa = PBXFileReference; lastKnownFileType = image.png; path = Clear.png; sourceTree = "<group>"; };
		0B489EEE1A988D7C0040E45A /* Clouds.png */ = {isa = PBXFileReference; lastKnownFileType = image.png; path = Clouds.png; sourceTree = "<group>"; };
		0B489EEF1A988D7C0040E45A /* Rain.png */ = {isa = PBXFileReference; lastKnownFileType = image.png; path = Rain.png; sourceTree = "<group>"; };
		0B489EF01A988D7C0040E45A /* Snow.png */ = {isa = PBXFileReference; lastKnownFileType = image.png; path = Snow.png; sourceTree = "<group>"; };
		0B7155381AB6B24E00FFA4CA /* UnitsViewController.swift */ = {isa = PBXFileReference; fileEncoding = 4; lastKnownFileType = sourcecode.swift; path = UnitsViewController.swift; sourceTree = "<group>"; };
		0B71553A1AB6B26800FFA4CA /* AboutViewController.swift */ = {isa = PBXFileReference; fileEncoding = 4; lastKnownFileType = sourcecode.swift; path = AboutViewController.swift; sourceTree = "<group>"; };
		0B71553C1AB6B28400FFA4CA /* FollowViewController.swift */ = {isa = PBXFileReference; fileEncoding = 4; lastKnownFileType = sourcecode.swift; path = FollowViewController.swift; sourceTree = "<group>"; };
		0B7155481AB6C5AB00FFA4CA /* arrow408.png */ = {isa = PBXFileReference; lastKnownFileType = image.png; path = arrow408.png; sourceTree = "<group>"; };
		0B7C6F471AAD61370072C421 /* MenuNavigationController.swift */ = {isa = PBXFileReference; fileEncoding = 4; lastKnownFileType = sourcecode.swift; path = MenuNavigationController.swift; sourceTree = "<group>"; };
		0B7C6F491AAD618A0072C421 /* MediumMenu.swift */ = {isa = PBXFileReference; fileEncoding = 4; lastKnownFileType = sourcecode.swift; path = MediumMenu.swift; sourceTree = "<group>"; };
		0B7C6F4B1AAD62180072C421 /* SettingsViewController.swift */ = {isa = PBXFileReference; fileEncoding = 4; lastKnownFileType = sourcecode.swift; path = SettingsViewController.swift; sourceTree = "<group>"; };
		0B7C6F511AAD88070072C421 /* ViewController.swift */ = {isa = PBXFileReference; fileEncoding = 4; lastKnownFileType = sourcecode.swift; path = ViewController.swift; sourceTree = "<group>"; };
		0B7C6F591AADABD40072C421 /* list.png */ = {isa = PBXFileReference; lastKnownFileType = image.png; path = list.png; sourceTree = "<group>"; };
		0BA149EE1ABAA04E008A0F30 /* github-256.png */ = {isa = PBXFileReference; lastKnownFileType = image.png; path = "github-256.png"; sourceTree = "<group>"; };
		0BA149F01ABAA06A008A0F30 /* googleplus-256.png */ = {isa = PBXFileReference; lastKnownFileType = image.png; path = "googleplus-256.png"; sourceTree = "<group>"; };
		0BA149F21ABAA0A8008A0F30 /* twitter-256.png */ = {isa = PBXFileReference; lastKnownFileType = image.png; path = "twitter-256.png"; sourceTree = "<group>"; };
		0BA149F41ABAA0BD008A0F30 /* rss-256.png */ = {isa = PBXFileReference; lastKnownFileType = image.png; path = "rss-256.png"; sourceTree = "<group>"; };
		0BA149F61ABAA4A4008A0F30 /* FCAnimation.swift */ = {isa = PBXFileReference; fileEncoding = 4; lastKnownFileType = sourcecode.swift; path = FCAnimation.swift; sourceTree = "<group>"; };
		0BA149F81ABAC62D008A0F30 /* Lisence.txt */ = {isa = PBXFileReference; fileEncoding = 4; lastKnownFileType = text; path = Lisence.txt; sourceTree = "<group>"; };
		0BC98EBB1A99DF25006F339A /* Alamofire.swift */ = {isa = PBXFileReference; fileEncoding = 4; lastKnownFileType = sourcecode.swift; path = Alamofire.swift; sourceTree = "<group>"; };
		FB1BFCD81AA9D29500B2B1E2 /* WeatherTableViewCell.swift */ = {isa = PBXFileReference; fileEncoding = 4; lastKnownFileType = sourcecode.swift; path = WeatherTableViewCell.swift; sourceTree = "<group>"; };
		FB5838D61AAAE04C0023F204 /* back0.png */ = {isa = PBXFileReference; lastKnownFileType = image.png; path = back0.png; sourceTree = "<group>"; };
		FB5838D81AAAE0560023F204 /* back1.png */ = {isa = PBXFileReference; lastKnownFileType = image.png; path = back1.png; sourceTree = "<group>"; };
		FB5838DA1AAAE05C0023F204 /* back2.png */ = {isa = PBXFileReference; lastKnownFileType = image.png; path = back2.png; sourceTree = "<group>"; };
		FB5838DC1AAAE96C0023F204 /* back3.png */ = {isa = PBXFileReference; lastKnownFileType = image.png; path = back3.png; sourceTree = "<group>"; };
/* End PBXFileReference section */

/* Begin PBXFrameworksBuildPhase section */
		0B0BA3591AAEC48D00633BF0 /* Frameworks */ = {
			isa = PBXFrameworksBuildPhase;
			buildActionMask = 2147483647;
			files = (
			);
			runOnlyForDeploymentPostprocessing = 0;
		};
		0B489EBC1A9889670040E45A /* Frameworks */ = {
			isa = PBXFrameworksBuildPhase;
			buildActionMask = 2147483647;
			files = (
			);
			runOnlyForDeploymentPostprocessing = 0;
		};
		0B489ED11A9889680040E45A /* Frameworks */ = {
			isa = PBXFrameworksBuildPhase;
			buildActionMask = 2147483647;
			files = (
			);
			runOnlyForDeploymentPostprocessing = 0;
		};
/* End PBXFrameworksBuildPhase section */

/* Begin PBXGroup section */
		0B0BA35D1AAEC48D00633BF0 /* ClearWeatherApp WatchKit Extension */ = {
			isa = PBXGroup;
			children = (
				0B0BA3601AAEC48D00633BF0 /* InterfaceController.swift */,
				0B0BA3621AAEC48D00633BF0 /* Images.xcassets */,
				0B0BA35E1AAEC48D00633BF0 /* Supporting Files */,
			);
			path = "ClearWeatherApp WatchKit Extension";
			sourceTree = "<group>";
		};
		0B0BA35E1AAEC48D00633BF0 /* Supporting Files */ = {
			isa = PBXGroup;
			children = (
				0B0BA35F1AAEC48D00633BF0 /* Info.plist */,
			);
			name = "Supporting Files";
			sourceTree = "<group>";
		};
		0B0BA36A1AAEC48D00633BF0 /* ClearWeatherApp WatchKit App */ = {
			isa = PBXGroup;
			children = (
				0B0BA36D1AAEC48D00633BF0 /* Interface.storyboard */,
				0B0BA3701AAEC48D00633BF0 /* Images.xcassets */,
				0B0BA36B1AAEC48D00633BF0 /* Supporting Files */,
			);
			path = "ClearWeatherApp WatchKit App";
			sourceTree = "<group>";
		};
		0B0BA36B1AAEC48D00633BF0 /* Supporting Files */ = {
			isa = PBXGroup;
			children = (
				0B0BA36C1AAEC48D00633BF0 /* Info.plist */,
			);
			name = "Supporting Files";
			sourceTree = "<group>";
		};
		0B489EB61A9889670040E45A = {
			isa = PBXGroup;
			children = (
				0B489EC11A9889670040E45A /* ClearWeatherApp */,
				0B489ED71A9889680040E45A /* ClearWeatherAppTests */,
				0B0BA35D1AAEC48D00633BF0 /* ClearWeatherApp WatchKit Extension */,
				0B0BA36A1AAEC48D00633BF0 /* ClearWeatherApp WatchKit App */,
				0B489EC01A9889670040E45A /* Products */,
			);
			sourceTree = "<group>";
		};
		0B489EC01A9889670040E45A /* Products */ = {
			isa = PBXGroup;
			children = (
				0B489EBF1A9889670040E45A /* ClearWeatherApp.app */,
				0B489ED41A9889680040E45A /* ClearWeatherAppTests.xctest */,
				0B0BA35C1AAEC48D00633BF0 /* ClearWeatherApp WatchKit Extension.appex */,
				0B0BA3661AAEC48D00633BF0 /* ClearWeatherApp WatchKit App.app */,
			);
			name = Products;
			sourceTree = "<group>";
		};
		0B489EC11A9889670040E45A /* ClearWeatherApp */ = {
			isa = PBXGroup;
			children = (
				0B489EF51A988D810040E45A /* Resource */,
				0B489EEC1A988CF10040E45A /* Controller */,
				0B489EEB1A988CEA0040E45A /* View */,
				0B489EEA1A988CE30040E45A /* Model */,
				0B489EC21A9889670040E45A /* Supporting Files */,
			);
			path = ClearWeatherApp;
			sourceTree = "<group>";
		};
		0B489EC21A9889670040E45A /* Supporting Files */ = {
			isa = PBXGroup;
			children = (
				0B489EC31A9889670040E45A /* Info.plist */,
			);
			name = "Supporting Files";
			sourceTree = "<group>";
		};
		0B489ED71A9889680040E45A /* ClearWeatherAppTests */ = {
			isa = PBXGroup;
			children = (
				0B489EDA1A9889680040E45A /* ClearWeatherAppTests.swift */,
				0B489ED81A9889680040E45A /* Supporting Files */,
			);
			path = ClearWeatherAppTests;
			sourceTree = "<group>";
		};
		0B489ED81A9889680040E45A /* Supporting Files */ = {
			isa = PBXGroup;
			children = (
				0B489ED91A9889680040E45A /* Info.plist */,
			);
			name = "Supporting Files";
			sourceTree = "<group>";
		};
		0B489EEA1A988CE30040E45A /* Model */ = {
			isa = PBXGroup;
			children = (
				0BC98EBB1A99DF25006F339A /* Alamofire.swift */,
				0B489EE81A9889BF0040E45A /* OpenWeatherAPIClient.swift */,
				0B489EE61A9889A70040E45A /* DailyWeather.swift */,
				0B489EE41A9889800040E45A /* Weather.swift */,
			);
			name = Model;
			sourceTree = "<group>";
		};
		0B489EEB1A988CEA0040E45A /* View */ = {
			isa = PBXGroup;
			children = (
				0B7C6F491AAD618A0072C421 /* MediumMenu.swift */,
				FB1BFCD81AA9D29500B2B1E2 /* WeatherTableViewCell.swift */,
				0BA149F61ABAA4A4008A0F30 /* FCAnimation.swift */,
			);
			name = View;
			sourceTree = "<group>";
		};
		0B489EEC1A988CF10040E45A /* Controller */ = {
			isa = PBXGroup;
			children = (
				0B489EC41A9889670040E45A /* AppDelegate.swift */,
				0B489EC61A9889670040E45A /* HomeViewController.swift */,
				0B7C6F471AAD61370072C421 /* MenuNavigationController.swift */,
				0B7C6F4B1AAD62180072C421 /* SettingsViewController.swift */,
				0B7C6F511AAD88070072C421 /* ViewController.swift */,
				0B7155381AB6B24E00FFA4CA /* UnitsViewController.swift */,
				0B71553A1AB6B26800FFA4CA /* AboutViewController.swift */,
				0B71553C1AB6B28400FFA4CA /* FollowViewController.swift */,
				0B3EBA861AB959CA0099EF5B /* LicenseViewController.swift */,
			);
			name = Controller;
			sourceTree = "<group>";
		};
		0B489EF51A988D810040E45A /* Resource */ = {
			isa = PBXGroup;
			children = (
				0BA149EE1ABAA04E008A0F30 /* github-256.png */,
				0BA149F01ABAA06A008A0F30 /* googleplus-256.png */,
				0BA149F41ABAA0BD008A0F30 /* rss-256.png */,
				0BA149F21ABAA0A8008A0F30 /* twitter-256.png */,
				0B489ECD1A9889670040E45A /* LaunchScreen.xib */,
				0B489ECB1A9889670040E45A /* Images.xcassets */,
				0B7155481AB6C5AB00FFA4CA /* arrow408.png */,
				0B7C6F591AADABD40072C421 /* list.png */,
				FB5838D61AAAE04C0023F204 /* back0.png */,
				FB5838D81AAAE0560023F204 /* back1.png */,
				FB5838DA1AAAE05C0023F204 /* back2.png */,
				FB5838DC1AAAE96C0023F204 /* back3.png */,
				0B489EF01A988D7C0040E45A /* Snow.png */,
				0B3EBA9B1AB9EA2F0099EF5B /* haze.png */,
				0B3EBA981AB9EA1A0099EF5B /* mist.png */,
				0B489EEF1A988D7C0040E45A /* Rain.png */,
				0B489EEE1A988D7C0040E45A /* Clouds.png */,
				0B489EED1A988D7C0040E45A /* Clear.png */,
				0BA149F81ABAC62D008A0F30 /* Lisence.txt */,
			);
			name = Resource;
			sourceTree = "<group>";
		};
/* End PBXGroup section */

/* Begin PBXNativeTarget section */
		0B0BA35B1AAEC48D00633BF0 /* ClearWeatherApp WatchKit Extension */ = {
			isa = PBXNativeTarget;
			buildConfigurationList = 0B0BA37A1AAEC48D00633BF0 /* Build configuration list for PBXNativeTarget "ClearWeatherApp WatchKit Extension" */;
			buildPhases = (
				0B0BA3581AAEC48D00633BF0 /* Sources */,
				0B0BA3591AAEC48D00633BF0 /* Frameworks */,
				0B0BA35A1AAEC48D00633BF0 /* Resources */,
			);
			buildRules = (
			);
			dependencies = (
				0B0BA3691AAEC48D00633BF0 /* PBXTargetDependency */,
			);
			name = "ClearWeatherApp WatchKit Extension";
			productName = "ClearWeatherApp WatchKit Extension";
			productReference = 0B0BA35C1AAEC48D00633BF0 /* ClearWeatherApp WatchKit Extension.appex */;
			productType = "com.apple.product-type.watchkit-extension";
		};
		0B0BA3651AAEC48D00633BF0 /* ClearWeatherApp WatchKit App */ = {
			isa = PBXNativeTarget;
			buildConfigurationList = 0B0BA3791AAEC48D00633BF0 /* Build configuration list for PBXNativeTarget "ClearWeatherApp WatchKit App" */;
			buildPhases = (
				0B0BA3641AAEC48D00633BF0 /* Resources */,
			);
			buildRules = (
			);
			dependencies = (
			);
			name = "ClearWeatherApp WatchKit App";
			productName = "ClearWeatherApp WatchKit App";
			productReference = 0B0BA3661AAEC48D00633BF0 /* ClearWeatherApp WatchKit App.app */;
			productType = "com.apple.product-type.application.watchapp";
		};
		0B489EBE1A9889670040E45A /* ClearWeatherApp */ = {
			isa = PBXNativeTarget;
			buildConfigurationList = 0B489EDE1A9889680040E45A /* Build configuration list for PBXNativeTarget "ClearWeatherApp" */;
			buildPhases = (
				0B489EBB1A9889670040E45A /* Sources */,
				0B489EBC1A9889670040E45A /* Frameworks */,
				0B489EBD1A9889670040E45A /* Resources */,
				0B0BA37B1AAEC48D00633BF0 /* Embed App Extensions */,
			);
			buildRules = (
			);
			dependencies = (
				0B0BA3731AAEC48D00633BF0 /* PBXTargetDependency */,
			);
			name = ClearWeatherApp;
			productName = ClearWeatherApp;
			productReference = 0B489EBF1A9889670040E45A /* ClearWeatherApp.app */;
			productType = "com.apple.product-type.application";
		};
		0B489ED31A9889680040E45A /* ClearWeatherAppTests */ = {
			isa = PBXNativeTarget;
			buildConfigurationList = 0B489EE11A9889680040E45A /* Build configuration list for PBXNativeTarget "ClearWeatherAppTests" */;
			buildPhases = (
				0B489ED01A9889680040E45A /* Sources */,
				0B489ED11A9889680040E45A /* Frameworks */,
				0B489ED21A9889680040E45A /* Resources */,
			);
			buildRules = (
			);
			dependencies = (
				0B489ED61A9889680040E45A /* PBXTargetDependency */,
			);
			name = ClearWeatherAppTests;
			productName = ClearWeatherAppTests;
			productReference = 0B489ED41A9889680040E45A /* ClearWeatherAppTests.xctest */;
			productType = "com.apple.product-type.bundle.unit-test";
		};
/* End PBXNativeTarget section */

/* Begin PBXProject section */
		0B489EB71A9889670040E45A /* Project object */ = {
			isa = PBXProject;
			attributes = {
				LastUpgradeCheck = 0610;
				ORGANIZATIONNAME = FarConnection;
				TargetAttributes = {
					0B0BA35B1AAEC48D00633BF0 = {
						CreatedOnToolsVersion = 6.2;
					};
					0B0BA3651AAEC48D00633BF0 = {
						CreatedOnToolsVersion = 6.2;
					};
					0B489EBE1A9889670040E45A = {
						CreatedOnToolsVersion = 6.1.1;
					};
					0B489ED31A9889680040E45A = {
						CreatedOnToolsVersion = 6.1.1;
						TestTargetID = 0B489EBE1A9889670040E45A;
					};
				};
			};
			buildConfigurationList = 0B489EBA1A9889670040E45A /* Build configuration list for PBXProject "ClearWeatherApp" */;
			compatibilityVersion = "Xcode 3.2";
			developmentRegion = English;
			hasScannedForEncodings = 0;
			knownRegions = (
				en,
				Base,
			);
			mainGroup = 0B489EB61A9889670040E45A;
			productRefGroup = 0B489EC01A9889670040E45A /* Products */;
			projectDirPath = "";
			projectRoot = "";
			targets = (
				0B489EBE1A9889670040E45A /* ClearWeatherApp */,
				0B489ED31A9889680040E45A /* ClearWeatherAppTests */,
				0B0BA35B1AAEC48D00633BF0 /* ClearWeatherApp WatchKit Extension */,
				0B0BA3651AAEC48D00633BF0 /* ClearWeatherApp WatchKit App */,
			);
		};
/* End PBXProject section */

/* Begin PBXResourcesBuildPhase section */
		0B0BA35A1AAEC48D00633BF0 /* Resources */ = {
			isa = PBXResourcesBuildPhase;
			buildActionMask = 2147483647;
			files = (
				0B0BA3671AAEC48D00633BF0 /* ClearWeatherApp WatchKit App.app in Resources */,
				0B0BA3631AAEC48D00633BF0 /* Images.xcassets in Resources */,
				0B3EBA9A1AB9EA1A0099EF5B /* mist.png in Resources */,
				0B3EBA9D1AB9EA2F0099EF5B /* haze.png in Resources */,
			);
			runOnlyForDeploymentPostprocessing = 0;
		};
		0B0BA3641AAEC48D00633BF0 /* Resources */ = {
			isa = PBXResourcesBuildPhase;
			buildActionMask = 2147483647;
			files = (
				0B0BA36F1AAEC48D00633BF0 /* Interface.storyboard in Resources */,
				0B0BA3711AAEC48D00633BF0 /* Images.xcassets in Resources */,
			);
			runOnlyForDeploymentPostprocessing = 0;
		};
		0B489EBD1A9889670040E45A /* Resources */ = {
			isa = PBXResourcesBuildPhase;
			buildActionMask = 2147483647;
			files = (
				FB5838DB1AAAE05C0023F204 /* back2.png in Resources */,
				0B3EBA991AB9EA1A0099EF5B /* mist.png in Resources */,
				0BA149F11ABAA06A008A0F30 /* googleplus-256.png in Resources */,
				FB5838D71AAAE04D0023F204 /* back0.png in Resources */,
				0B7C6F5A1AADABD40072C421 /* list.png in Resources */,
				FB5838DD1AAAE96C0023F204 /* back3.png in Resources */,
				0B489ECF1A9889670040E45A /* LaunchScreen.xib in Resources */,
				0BA149F51ABAA0BD008A0F30 /* rss-256.png in Resources */,
				0B489EF41A988D7C0040E45A /* Snow.png in Resources */,
				0B7155491AB6C5AB00FFA4CA /* arrow408.png in Resources */,
				0B489EF21A988D7C0040E45A /* Clouds.png in Resources */,
				0B3EBA9C1AB9EA2F0099EF5B /* haze.png in Resources */,
				0BA149F91ABAC62D008A0F30 /* Lisence.txt in Resources */,
				0B489EF31A988D7C0040E45A /* Rain.png in Resources */,
				0B489ECC1A9889670040E45A /* Images.xcassets in Resources */,
				FB5838D91AAAE0560023F204 /* back1.png in Resources */,
				0BA149F31ABAA0A8008A0F30 /* twitter-256.png in Resources */,
				0BA149EF1ABAA04E008A0F30 /* github-256.png in Resources */,
				0B489EF11A988D7C0040E45A /* Clear.png in Resources */,
			);
			runOnlyForDeploymentPostprocessing = 0;
		};
		0B489ED21A9889680040E45A /* Resources */ = {
			isa = PBXResourcesBuildPhase;
			buildActionMask = 2147483647;
			files = (
			);
			runOnlyForDeploymentPostprocessing = 0;
		};
/* End PBXResourcesBuildPhase section */

/* Begin PBXSourcesBuildPhase section */
		0B0BA3581AAEC48D00633BF0 /* Sources */ = {
			isa = PBXSourcesBuildPhase;
			buildActionMask = 2147483647;
			files = (
				0B0BA3611AAEC48D00633BF0 /* InterfaceController.swift in Sources */,
			);
			runOnlyForDeploymentPostprocessing = 0;
		};
		0B489EBB1A9889670040E45A /* Sources */ = {
			isa = PBXSourcesBuildPhase;
			buildActionMask = 2147483647;
			files = (
				0BC98EBC1A99DF25006F339A /* Alamofire.swift in Sources */,
				0B3EBA871AB959CA0099EF5B /* LicenseViewController.swift in Sources */,
				0B489EE71A9889A70040E45A /* DailyWeather.swift in Sources */,
				0B7C6F481AAD61370072C421 /* MenuNavigationController.swift in Sources */,
				0B7C6F4C1AAD62180072C421 /* SettingsViewController.swift in Sources */,
				0BA149F71ABAA4A4008A0F30 /* FCAnimation.swift in Sources */,
				0B7C6F521AAD88070072C421 /* ViewController.swift in Sources */,
				FB1BFCD91AA9D29500B2B1E2 /* WeatherTableViewCell.swift in Sources */,
				0B489EC71A9889670040E45A /* HomeViewController.swift in Sources */,
				0B489EE51A9889800040E45A /* Weather.swift in Sources */,
				0B489EC51A9889670040E45A /* AppDelegate.swift in Sources */,
				0B7C6F4A1AAD618A0072C421 /* MediumMenu.swift in Sources */,
				0B7155391AB6B24E00FFA4CA /* UnitsViewController.swift in Sources */,
				0B71553B1AB6B26800FFA4CA /* AboutViewController.swift in Sources */,
				0B489EE91A9889BF0040E45A /* OpenWeatherAPIClient.swift in Sources */,
				0B71553D1AB6B28400FFA4CA /* FollowViewController.swift in Sources */,
			);
			runOnlyForDeploymentPostprocessing = 0;
		};
		0B489ED01A9889680040E45A /* Sources */ = {
			isa = PBXSourcesBuildPhase;
			buildActionMask = 2147483647;
			files = (
				0B489EDB1A9889680040E45A /* ClearWeatherAppTests.swift in Sources */,
			);
			runOnlyForDeploymentPostprocessing = 0;
		};
/* End PBXSourcesBuildPhase section */

/* Begin PBXTargetDependency section */
		0B0BA3691AAEC48D00633BF0 /* PBXTargetDependency */ = {
			isa = PBXTargetDependency;
			target = 0B0BA3651AAEC48D00633BF0 /* ClearWeatherApp WatchKit App */;
			targetProxy = 0B0BA3681AAEC48D00633BF0 /* PBXContainerItemProxy */;
		};
		0B0BA3731AAEC48D00633BF0 /* PBXTargetDependency */ = {
			isa = PBXTargetDependency;
			target = 0B0BA35B1AAEC48D00633BF0 /* ClearWeatherApp WatchKit Extension */;
			targetProxy = 0B0BA3721AAEC48D00633BF0 /* PBXContainerItemProxy */;
		};
		0B489ED61A9889680040E45A /* PBXTargetDependency */ = {
			isa = PBXTargetDependency;
			target = 0B489EBE1A9889670040E45A /* ClearWeatherApp */;
			targetProxy = 0B489ED51A9889680040E45A /* PBXContainerItemProxy */;
		};
/* End PBXTargetDependency section */

/* Begin PBXVariantGroup section */
		0B0BA36D1AAEC48D00633BF0 /* Interface.storyboard */ = {
			isa = PBXVariantGroup;
			children = (
				0B0BA36E1AAEC48D00633BF0 /* Base */,
			);
			name = Interface.storyboard;
			sourceTree = "<group>";
		};
		0B489ECD1A9889670040E45A /* LaunchScreen.xib */ = {
			isa = PBXVariantGroup;
			children = (
				0B489ECE1A9889670040E45A /* Base */,
			);
			name = LaunchScreen.xib;
			sourceTree = "<group>";
		};
/* End PBXVariantGroup section */

/* Begin XCBuildConfiguration section */
		0B0BA3751AAEC48D00633BF0 /* Debug */ = {
			isa = XCBuildConfiguration;
			buildSettings = {
				GCC_PREPROCESSOR_DEFINITIONS = (
					"DEBUG=1",
					"$(inherited)",
				);
				INFOPLIST_FILE = "ClearWeatherApp WatchKit Extension/Info.plist";
				IPHONEOS_DEPLOYMENT_TARGET = 8.2;
				LD_RUNPATH_SEARCH_PATHS = "$(inherited) @executable_path/Frameworks @executable_path/../../Frameworks";
				PRODUCT_NAME = "${TARGET_NAME}";
				SKIP_INSTALL = YES;
			};
			name = Debug;
		};
		0B0BA3761AAEC48D00633BF0 /* Release */ = {
			isa = XCBuildConfiguration;
			buildSettings = {
				COPY_PHASE_STRIP = NO;
				INFOPLIST_FILE = "ClearWeatherApp WatchKit Extension/Info.plist";
				IPHONEOS_DEPLOYMENT_TARGET = 8.2;
				LD_RUNPATH_SEARCH_PATHS = "$(inherited) @executable_path/Frameworks @executable_path/../../Frameworks";
				PRODUCT_NAME = "${TARGET_NAME}";
				SKIP_INSTALL = YES;
			};
			name = Release;
		};
		0B0BA3771AAEC48D00633BF0 /* Debug */ = {
			isa = XCBuildConfiguration;
			buildSettings = {
				ASSETCATALOG_COMPILER_APPICON_NAME = AppIcon;
				GCC_PREPROCESSOR_DEFINITIONS = (
					"DEBUG=1",
					"$(inherited)",
				);
				IBSC_MODULE = ClearWeatherApp_WatchKit_Extension;
				INFOPLIST_FILE = "ClearWeatherApp WatchKit App/Info.plist";
				IPHONEOS_DEPLOYMENT_TARGET = 8.2;
				PRODUCT_NAME = "$(TARGET_NAME)";
				SKIP_INSTALL = YES;
				TARGETED_DEVICE_FAMILY = 4;
				"TARGETED_DEVICE_FAMILY[sdk=iphonesimulator*]" = "1,4";
			};
			name = Debug;
		};
		0B0BA3781AAEC48D00633BF0 /* Release */ = {
			isa = XCBuildConfiguration;
			buildSettings = {
				ASSETCATALOG_COMPILER_APPICON_NAME = AppIcon;
				COPY_PHASE_STRIP = NO;
				IBSC_MODULE = ClearWeatherApp_WatchKit_Extension;
				INFOPLIST_FILE = "ClearWeatherApp WatchKit App/Info.plist";
				IPHONEOS_DEPLOYMENT_TARGET = 8.2;
				PRODUCT_NAME = "$(TARGET_NAME)";
				SKIP_INSTALL = YES;
				TARGETED_DEVICE_FAMILY = 4;
				"TARGETED_DEVICE_FAMILY[sdk=iphonesimulator*]" = "1,4";
			};
			name = Release;
		};
		0B489EDC1A9889680040E45A /* Debug */ = {
			isa = XCBuildConfiguration;
			buildSettings = {
				ALWAYS_SEARCH_USER_PATHS = NO;
				CLANG_CXX_LANGUAGE_STANDARD = "gnu++0x";
				CLANG_CXX_LIBRARY = "libc++";
				CLANG_ENABLE_MODULES = YES;
				CLANG_ENABLE_OBJC_ARC = YES;
				CLANG_WARN_BOOL_CONVERSION = YES;
				CLANG_WARN_CONSTANT_CONVERSION = YES;
				CLANG_WARN_DIRECT_OBJC_ISA_USAGE = YES_ERROR;
				CLANG_WARN_EMPTY_BODY = YES;
				CLANG_WARN_ENUM_CONVERSION = YES;
				CLANG_WARN_INT_CONVERSION = YES;
				CLANG_WARN_OBJC_ROOT_CLASS = YES_ERROR;
				CLANG_WARN_UNREACHABLE_CODE = YES;
				CLANG_WARN__DUPLICATE_METHOD_MATCH = YES;
				"CODE_SIGN_IDENTITY[sdk=iphoneos*]" = "iPhone Developer";
				COPY_PHASE_STRIP = NO;
				ENABLE_STRICT_OBJC_MSGSEND = YES;
				GCC_C_LANGUAGE_STANDARD = gnu99;
				GCC_DYNAMIC_NO_PIC = NO;
				GCC_OPTIMIZATION_LEVEL = 0;
				GCC_PREPROCESSOR_DEFINITIONS = (
					"DEBUG=1",
					"$(inherited)",
				);
				GCC_SYMBOLS_PRIVATE_EXTERN = NO;
				GCC_WARN_64_TO_32_BIT_CONVERSION = YES;
				GCC_WARN_ABOUT_RETURN_TYPE = YES_ERROR;
				GCC_WARN_UNDECLARED_SELECTOR = YES;
				GCC_WARN_UNINITIALIZED_AUTOS = YES_AGGRESSIVE;
				GCC_WARN_UNUSED_FUNCTION = YES;
				GCC_WARN_UNUSED_VARIABLE = YES;
				IPHONEOS_DEPLOYMENT_TARGET = 8.1;
				MTL_ENABLE_DEBUG_INFO = YES;
				ONLY_ACTIVE_ARCH = YES;
				SDKROOT = iphoneos;
				SWIFT_OPTIMIZATION_LEVEL = "-Onone";
			};
			name = Debug;
		};
		0B489EDD1A9889680040E45A /* Release */ = {
			isa = XCBuildConfiguration;
			buildSettings = {
				ALWAYS_SEARCH_USER_PATHS = NO;
				CLANG_CXX_LANGUAGE_STANDARD = "gnu++0x";
				CLANG_CXX_LIBRARY = "libc++";
				CLANG_ENABLE_MODULES = YES;
				CLANG_ENABLE_OBJC_ARC = YES;
				CLANG_WARN_BOOL_CONVERSION = YES;
				CLANG_WARN_CONSTANT_CONVERSION = YES;
				CLANG_WARN_DIRECT_OBJC_ISA_USAGE = YES_ERROR;
				CLANG_WARN_EMPTY_BODY = YES;
				CLANG_WARN_ENUM_CONVERSION = YES;
				CLANG_WARN_INT_CONVERSION = YES;
				CLANG_WARN_OBJC_ROOT_CLASS = YES_ERROR;
				CLANG_WARN_UNREACHABLE_CODE = YES;
				CLANG_WARN__DUPLICATE_METHOD_MATCH = YES;
				"CODE_SIGN_IDENTITY[sdk=iphoneos*]" = "iPhone Developer";
				COPY_PHASE_STRIP = YES;
				ENABLE_NS_ASSERTIONS = NO;
				ENABLE_STRICT_OBJC_MSGSEND = YES;
				GCC_C_LANGUAGE_STANDARD = gnu99;
				GCC_WARN_64_TO_32_BIT_CONVERSION = YES;
				GCC_WARN_ABOUT_RETURN_TYPE = YES_ERROR;
				GCC_WARN_UNDECLARED_SELECTOR = YES;
				GCC_WARN_UNINITIALIZED_AUTOS = YES_AGGRESSIVE;
				GCC_WARN_UNUSED_FUNCTION = YES;
				GCC_WARN_UNUSED_VARIABLE = YES;
				IPHONEOS_DEPLOYMENT_TARGET = 8.1;
				MTL_ENABLE_DEBUG_INFO = NO;
				SDKROOT = iphoneos;
				VALIDATE_PRODUCT = YES;
			};
			name = Release;
		};
		0B489EDF1A9889680040E45A /* Debug */ = {
			isa = XCBuildConfiguration;
			buildSettings = {
				ASSETCATALOG_COMPILER_APPICON_NAME = AppIcon;
				EMBEDDED_CONTENT_CONTAINS_SWIFT = YES;
				INFOPLIST_FILE = ClearWeatherApp/Info.plist;
				LD_RUNPATH_SEARCH_PATHS = "$(inherited) @executable_path/Frameworks";
				PRODUCT_NAME = "$(TARGET_NAME)";
				TARGETED_DEVICE_FAMILY = 1;
			};
			name = Debug;
		};
		0B489EE01A9889680040E45A /* Release */ = {
			isa = XCBuildConfiguration;
			buildSettings = {
				ASSETCATALOG_COMPILER_APPICON_NAME = AppIcon;
				EMBEDDED_CONTENT_CONTAINS_SWIFT = YES;
				INFOPLIST_FILE = ClearWeatherApp/Info.plist;
				LD_RUNPATH_SEARCH_PATHS = "$(inherited) @executable_path/Frameworks";
				PRODUCT_NAME = "$(TARGET_NAME)";
				TARGETED_DEVICE_FAMILY = 1;
			};
			name = Release;
		};
		0B489EE21A9889680040E45A /* Debug */ = {
			isa = XCBuildConfiguration;
			buildSettings = {
				BUNDLE_LOADER = "$(TEST_HOST)";
				FRAMEWORK_SEARCH_PATHS = (
					"$(SDKROOT)/Developer/Library/Frameworks",
					"$(inherited)",
				);
				GCC_PREPROCESSOR_DEFINITIONS = (
					"DEBUG=1",
					"$(inherited)",
				);
				INFOPLIST_FILE = ClearWeatherAppTests/Info.plist;
				LD_RUNPATH_SEARCH_PATHS = "$(inherited) @executable_path/Frameworks @loader_path/Frameworks";
				PRODUCT_NAME = "$(TARGET_NAME)";
				TEST_HOST = "$(BUILT_PRODUCTS_DIR)/ClearWeatherApp.app/ClearWeatherApp";
			};
			name = Debug;
		};
		0B489EE31A9889680040E45A /* Release */ = {
			isa = XCBuildConfiguration;
			buildSettings = {
				BUNDLE_LOADER = "$(TEST_HOST)";
				FRAMEWORK_SEARCH_PATHS = (
					"$(SDKROOT)/Developer/Library/Frameworks",
					"$(inherited)",
				);
				INFOPLIST_FILE = ClearWeatherAppTests/Info.plist;
				LD_RUNPATH_SEARCH_PATHS = "$(inherited) @executable_path/Frameworks @loader_path/Frameworks";
				PRODUCT_NAME = "$(TARGET_NAME)";
				TEST_HOST = "$(BUILT_PRODUCTS_DIR)/ClearWeatherApp.app/ClearWeatherApp";
			};
			name = Release;
		};
/* End XCBuildConfiguration section */

/* Begin XCConfigurationList section */
		0B0BA3791AAEC48D00633BF0 /* Build configuration list for PBXNativeTarget "ClearWeatherApp WatchKit App" */ = {
			isa = XCConfigurationList;
			buildConfigurations = (
				0B0BA3771AAEC48D00633BF0 /* Debug */,
				0B0BA3781AAEC48D00633BF0 /* Release */,
			);
			defaultConfigurationIsVisible = 0;
			defaultConfigurationName = Release;
		};
		0B0BA37A1AAEC48D00633BF0 /* Build configuration list for PBXNativeTarget "ClearWeatherApp WatchKit Extension" */ = {
			isa = XCConfigurationList;
			buildConfigurations = (
				0B0BA3751AAEC48D00633BF0 /* Debug */,
				0B0BA3761AAEC48D00633BF0 /* Release */,
			);
			defaultConfigurationIsVisible = 0;
			defaultConfigurationName = Release;
		};
		0B489EBA1A9889670040E45A /* Build configuration list for PBXProject "ClearWeatherApp" */ = {
			isa = XCConfigurationList;
			buildConfigurations = (
				0B489EDC1A9889680040E45A /* Debug */,
				0B489EDD1A9889680040E45A /* Release */,
			);
			defaultConfigurationIsVisible = 0;
			defaultConfigurationName = Release;
		};
		0B489EDE1A9889680040E45A /* Build configuration list for PBXNativeTarget "ClearWeatherApp" */ = {
			isa = XCConfigurationList;
			buildConfigurations = (
				0B489EDF1A9889680040E45A /* Debug */,
				0B489EE01A9889680040E45A /* Release */,
			);
			defaultConfigurationIsVisible = 0;
			defaultConfigurationName = Release;
		};
		0B489EE11A9889680040E45A /* Build configuration list for PBXNativeTarget "ClearWeatherAppTests" */ = {
			isa = XCConfigurationList;
			buildConfigurations = (
				0B489EE21A9889680040E45A /* Debug */,
				0B489EE31A9889680040E45A /* Release */,
			);
			defaultConfigurationIsVisible = 0;
			defaultConfigurationName = Release;
		};
/* End XCConfigurationList section */
	};
	rootObject = 0B489EB71A9889670040E45A /* Project object */;
}
